<?xml version="1.0" encoding="UTF-8" standalone="yes" ?>
<CodeBlocks_project_file>
	<FileVersion major="1" minor="6" />
	<Project>
		<Option title="raytracer" />
		<Option pch_mode="2" />
		<Option compiler="gcc" />
		<Build>
			<Target title="Debug">
				<Option output="../bin/framework" prefix_auto="1" extension_auto="1" />
				<Option object_output="obj/Debug/" />
				<Option type="1" />
				<Option compiler="gcc" />
				<Compiler>
					<Add option="-g" />
				</Compiler>
			</Target>
			<Target title="Release">
				<Option output="../bin/framework" prefix_auto="1" extension_auto="1" />
				<Option object_output="obj/Release/" />
				<Option type="1" />
				<Option compiler="gcc" />
				<Compiler>
					<Add option="-O2" />
				</Compiler>
				<Linker>
					<Add option="-s" />
				</Linker>
			</Target>
		</Build>
		<Compiler>
			<Add option="-Wall" />
			<Add directory="./include" />
		</Compiler>
		<Linker>
			<Add library="glut" />
			<Add library="boost_thread" />
		</Linker>
		<Unit filename="include/color.hpp" />
		<Unit filename="include/glutwindow.hpp" />
		<Unit filename="include/matrix.hpp" />
		<Unit filename="include/pixel.hpp" />
		<Unit filename="include/point.hpp" />
		<Unit filename="include/ppmwriter.hpp" />
		<Unit filename="include/vector.hpp" />
		<Unit filename="main.cpp" />
		<Unit filename="src/color.cpp" />
		<Unit filename="src/glutwindow.cpp" />
		<Unit filename="src/matrix.cpp" />
		<Unit filename="src/pixel.cpp" />
		<Unit filename="src/point.cpp" />
		<Unit filename="src/ppmwriter.cpp" />
		<Unit filename="src/vector.cpp" />
		<Extensions>
			<code_completion />
			<debugger />
		</Extensions>
	</Project>
</CodeBlocks_project_file>
